
Microsoft Visual Studio Solution File, Format Version 12.00
# Visual Studio Version 17
VisualStudioVersion = 17.9.34622.214
MinimumVisualStudioVersion = 10.0.40219.1
Project("{FAE04EC0-301F-11D3-BF4B-00C04F79EFBC}") = "Advanced linq", "Advanced linq\Advanced linq.csproj", "{6ED74D27-905A-47C5-85B8-3A30A0F96972}"
EndProject
Global
	GlobalSection(SolutionConfigurationPlatforms) = preSolution
		Debug|Any CPU = Debug|Any CPU
		Release|Any CPU = Release|Any CPU
	EndGlobalSection
	GlobalSection(ProjectConfigurationPlatforms) = postSolution
		{6ED74D27-905A-47C5-85B8-3A30A0F96972}.Debug|Any CPU.ActiveCfg = Debug|Any CPU
		{6ED74D27-905A-47C5-85B8-3A30A0F96972}.Debug|Any CPU.Build.0 = Debug|Any CPU
		{6ED74D27-905A-47C5-85B8-3A30A0F96972}.Release|Any CPU.ActiveCfg = Release|Any CPU
		{6ED74D27-905A-47C5-85B8-3A30A0F96972}.Release|Any CPU.Build.0 = Release|Any CPU
	EndGlobalSection
	GlobalSection(SolutionProperties) = preSolution
		HideSolutionNode = FALSE
	EndGlobalSection
	GlobalSection(ExtensibilityGlobals) = postSolution
		SolutionGuid = {22FAD5B8-6C1F-4E80-ADA5-EF9624E0EE3C}
	EndGlobalSection
EndGlobal
